
Microsoft Visual Studio Solution File, Format Version 12.00
# Visual Studio Version 16
VisualStudioVersion = 16.0.30204.135
MinimumVisualStudioVersion = 10.0.40219.1
Project("{8BC9CEB8-8B4A-11D0-8D11-00A0C91BC942}") = "render-test", "render-test.vcxproj", "{B6830B3F-D02E-4A88-BC7E-0F47BAA31EE1}"
EndProject
Global
	GlobalSection(SolutionConfigurationPlatforms) = preSolution
		Debug|x64 = Debug|x64
		Debug|x86 = Debug|x86
		Release|x64 = Release|x64
		Release|x86 = Release|x86
	EndGlobalSection
	GlobalSection(ProjectConfigurationPlatforms) = postSolution
		{B6830B3F-D02E-4A88-BC7E-0F47BAA31EE1}.Debug|x64.ActiveCfg = Debug|x64
		{B6830B3F-D02E-4A88-BC7E-0F47BAA31EE1}.Debug|x64.Build.0 = Debug|x64
		{B6830B3F-D02E-4A88-BC7E-0F47BAA31EE1}.Debug|x86.ActiveCfg = Debug|Win32
		{B6830B3F-D02E-4A88-BC7E-0F47BAA31EE1}.Debug|x86.Build.0 = Debug|Win32
		{B6830B3F-D02E-4A88-BC7E-0F47BAA31EE1}.Release|x64.ActiveCfg = Release|x64
		{B6830B3F-D02E-4A88-BC7E-0F47BAA31EE1}.Release|x64.Build.0 = Release|x64
		{B6830B3F-D02E-4A88-BC7E-0F47BAA31EE1}.Release|x86.ActiveCfg = Release|Win32
		{B6830B3F-D02E-4A88-BC7E-0F47BAA31EE1}.Release|x86.Build.0 = Release|Win32
	EndGlobalSection
	GlobalSection(SolutionProperties) = preSolution
		HideSolutionNode = FALSE
	EndGlobalSection
	GlobalSection(ExtensibilityGlobals) = postSolution
		SolutionGuid = {0C388709-222B-4588-A12B-9DA8A003954B}
	EndGlobalSection
EndGlobal
